
Microsoft Visual Studio Solution File, Format Version 12.00
# Visual Studio 15
VisualStudioVersion = 15.0.28307.852
MinimumVisualStudioVersion = 10.0.40219.1
Project("{FAE04EC0-301F-11D3-BF4B-00C04F79EFBC}") = "InazumaElevenStatsExtractor", "InazumaElevenStatsExtractor\InazumaElevenStatsExtractor.csproj", "{86D716DB-BFD2-48C8-8265-0C7FB36BEA9D}"
EndProject
Global
	GlobalSection(SolutionConfigurationPlatforms) = preSolution
		Debug|Any CPU = Debug|Any CPU
		Release|Any CPU = Release|Any CPU
	EndGlobalSection
	GlobalSection(ProjectConfigurationPlatforms) = postSolution
		{86D716DB-BFD2-48C8-8265-0C7FB36BEA9D}.Debug|Any CPU.ActiveCfg = Debug|Any CPU
		{86D716DB-BFD2-48C8-8265-0C7FB36BEA9D}.Debug|Any CPU.Build.0 = Debug|Any CPU
		{86D716DB-BFD2-48C8-8265-0C7FB36BEA9D}.Release|Any CPU.ActiveCfg = Release|Any CPU
		{86D716DB-BFD2-48C8-8265-0C7FB36BEA9D}.Release|Any CPU.Build.0 = Release|Any CPU
	EndGlobalSection
	GlobalSection(SolutionProperties) = preSolution
		HideSolutionNode = FALSE
	EndGlobalSection
	GlobalSection(ExtensibilityGlobals) = postSolution
		SolutionGuid = {CD3E0C9C-A0FD-4367-B344-5091E7D30F68}
	EndGlobalSection
EndGlobal
